// !$*UTF8*$!
{
	archiveVersion = 1;
	classes = {
	};
	objectVersion = 56;
	objects = {

/* Begin PBXBuildFile section */
		AA000001 /* SpecterQARunner.swift in Sources */ = {isa = PBXBuildFile; fileRef = BB000001 /* SpecterQARunner.swift */; };
		AA000002 /* HTTPServer.swift in Sources */ = {isa = PBXBuildFile; fileRef = BB000002 /* HTTPServer.swift */; };
		AA000003 /* TouchInjector.swift in Sources */ = {isa = PBXBuildFile; fileRef = BB000003 /* TouchInjector.swift */; };
		AA000004 /* RequestParser.swift in Sources */ = {isa = PBXBuildFile; fileRef = BB000004 /* RequestParser.swift */; };
		AA000005 /* AccessibilityTree.swift in Sources */ = {isa = PBXBuildFile; fileRef = BB000005 /* AccessibilityTree.swift */; };
		AA000006 /* SpecterQAElementQuery.swift in Sources */ = {isa = PBXBuildFile; fileRef = BB000006 /* SpecterQAElementQuery.swift */; };
		AA000007 /* SpecterQAScreenshot.swift in Sources */ = {isa = PBXBuildFile; fileRef = BB000007 /* SpecterQAScreenshot.swift */; };
		AA000008 /* SpecterQASwizzler.m in Sources */ = {isa = PBXBuildFile; fileRef = BB000008 /* SpecterQASwizzler.m */; };
		AA100002 /* HostApp.swift in Sources */ = {isa = PBXBuildFile; fileRef = BB100001 /* HostApp.swift */; };
/* End PBXBuildFile section */

/* Begin PBXContainerItemProxy section */
		CD000001 /* PBXContainerItemProxy */ = {
			isa = PBXContainerItemProxy;
			containerPortal = AB000001 /* Project object */;
			proxyType = 1;
			remoteGlobalIDString = FF100001;
			remoteInfo = SpecterQAHost;
		};
/* End PBXContainerItemProxy section */

/* Begin PBXFileReference section */
		BB000001 /* SpecterQARunner.swift */ = {isa = PBXFileReference; lastKnownFileType = sourcecode.swift; path = SpecterQARunner.swift; sourceTree = "<group>"; };
		BB000002 /* HTTPServer.swift */ = {isa = PBXFileReference; lastKnownFileType = sourcecode.swift; path = HTTPServer.swift; sourceTree = "<group>"; };
		BB000003 /* TouchInjector.swift */ = {isa = PBXFileReference; lastKnownFileType = sourcecode.swift; path = TouchInjector.swift; sourceTree = "<group>"; };
		BB000004 /* RequestParser.swift */ = {isa = PBXFileReference; lastKnownFileType = sourcecode.swift; path = RequestParser.swift; sourceTree = "<group>"; };
		BB000005 /* AccessibilityTree.swift */ = {isa = PBXFileReference; lastKnownFileType = sourcecode.swift; path = AccessibilityTree.swift; sourceTree = "<group>"; };
		BB000006 /* SpecterQAElementQuery.swift */ = {isa = PBXFileReference; lastKnownFileType = sourcecode.swift; path = SpecterQAElementQuery.swift; sourceTree = "<group>"; };
		BB000007 /* SpecterQAScreenshot.swift */ = {isa = PBXFileReference; lastKnownFileType = sourcecode.swift; path = SpecterQAScreenshot.swift; sourceTree = "<group>"; };
		BB000008 /* SpecterQASwizzler.m */ = {isa = PBXFileReference; lastKnownFileType = sourcecode.c.objc; path = SpecterQASwizzler.m; sourceTree = "<group>"; };
		BB000009 /* SpecterQASwizzler.h */ = {isa = PBXFileReference; lastKnownFileType = sourcecode.c.h; path = SpecterQASwizzler.h; sourceTree = "<group>"; };
		BB000010 /* SpecterQARunner-Bridging-Header.h */ = {isa = PBXFileReference; lastKnownFileType = sourcecode.c.h; path = "SpecterQARunner-Bridging-Header.h"; sourceTree = "<group>"; };
		BB100001 /* HostApp.swift */ = {isa = PBXFileReference; lastKnownFileType = sourcecode.swift; path = HostApp.swift; sourceTree = "<group>"; };
		CC000001 /* SpecterQARunnerTests.xctest */ = {isa = PBXFileReference; explicitFileType = wrapper.cfbundle; includeInIndex = 0; path = SpecterQARunnerTests.xctest; sourceTree = BUILT_PRODUCTS_DIR; };
		CC100001 /* SpecterQAHost.app */ = {isa = PBXFileReference; explicitFileType = wrapper.application; includeInIndex = 0; path = SpecterQAHost.app; sourceTree = BUILT_PRODUCTS_DIR; };
/* End PBXFileReference section */

/* Begin PBXFrameworksBuildPhase section */
		DD000001 /* Frameworks */ = {
			isa = PBXFrameworksBuildPhase;
			buildActionMask = 2147483647;
			files = (
			);
			runOnlyForDeploymentPostprocessing = 0;
		};
		DD100001 /* Frameworks */ = {
			isa = PBXFrameworksBuildPhase;
			buildActionMask = 2147483647;
			files = (
			);
			runOnlyForDeploymentPostprocessing = 0;
		};
/* End PBXFrameworksBuildPhase section */

/* Begin PBXGroup section */
		EE000001 /* / */ = {
			isa = PBXGroup;
			children = (
				EE000002 /* Sources */,
				EE100001 /* HostApp */,
				EE000003 /* Products */,
			);
			sourceTree = "<group>";
		};
		EE000002 /* Sources */ = {
			isa = PBXGroup;
			children = (
				BB000001 /* SpecterQARunner.swift */,
				BB000002 /* HTTPServer.swift */,
				BB000003 /* TouchInjector.swift */,
				BB000004 /* RequestParser.swift */,
				BB000005 /* AccessibilityTree.swift */,
				BB000006 /* SpecterQAElementQuery.swift */,
				BB000007 /* SpecterQAScreenshot.swift */,
				BB000008 /* SpecterQASwizzler.m */,
				BB000009 /* SpecterQASwizzler.h */,
				BB000010 /* SpecterQARunner-Bridging-Header.h */,
			);
			name = Sources;
			path = Sources;
			sourceTree = "<group>";
		};
		EE100001 /* HostApp */ = {
			isa = PBXGroup;
			children = (
				BB100001 /* HostApp.swift */,
			);
			name = HostApp;
			path = HostApp;
			sourceTree = "<group>";
		};
		EE000003 /* Products */ = {
			isa = PBXGroup;
			children = (
				CC100001 /* SpecterQAHost.app */,
				CC000001 /* SpecterQARunnerTests.xctest */,
			);
			name = Products;
			sourceTree = "<group>";
		};
/* End PBXGroup section */

/* Begin PBXNativeTarget section */
		FF100001 /* SpecterQAHost */ = {
			isa = PBXNativeTarget;
			buildConfigurationList = BC100001 /* Build configuration list for PBXNativeTarget "SpecterQAHost" */;
			buildPhases = (
				DD100001 /* Frameworks */,
				AA200001 /* Sources */,
			);
			buildRules = (
			);
			dependencies = (
			);
			name = SpecterQAHost;
			productName = SpecterQAHost;
			productReference = CC100001 /* SpecterQAHost.app */;
			productType = "com.apple.product-type.application";
		};
		FF000001 /* SpecterQARunner */ = {
			isa = PBXNativeTarget;
			buildConfigurationList = BC000001 /* Build configuration list for PBXNativeTarget "SpecterQARunner" */;
			buildPhases = (
				DD000001 /* Frameworks */,
				AA100001 /* Sources */,
			);
			buildRules = (
			);
			dependencies = (
				CD000002 /* PBXTargetDependency */,
			);
			name = SpecterQARunner;
			productName = SpecterQARunnerTests;
			productReference = CC000001 /* SpecterQARunnerTests.xctest */;
			productType = "com.apple.product-type.bundle.ui-testing";
		};
/* End PBXNativeTarget section */

/* Begin PBXProject section */
		AB000001 /* Project object */ = {
			isa = PBXProject;
			attributes = {
				BuildIndependentTargetsInParallel = 1;
				LastSwiftUpdateCheck = 1500;
				LastUpgradeCheck = 1500;
				TargetAttributes = {
					FF100001 = {
						CreatedOnToolsVersion = 16.0;
					};
					FF000001 = {
						CreatedOnToolsVersion = 15.0;
						TestTargetID = FF100001;
					};
				};
			};
			buildConfigurationList = BC000002 /* Build configuration list for PBXProject "SpecterQARunner" */;
			compatibilityVersion = "Xcode 14.0";
			developmentRegion = en;
			hasScannedForEncodings = 0;
			knownRegions = (
				en,
				Base,
			);
			mainGroup = EE000001;
			productRefGroup = EE000003 /* Products */;
			projectDirPath = "";
			projectRoot = "";
			targets = (
				FF100001 /* SpecterQAHost */,
				FF000001 /* SpecterQARunner */,
			);
		};
/* End PBXProject section */

/* Begin PBXSourcesBuildPhase section */
		AA200001 /* Sources */ = {
			isa = PBXSourcesBuildPhase;
			buildActionMask = 2147483647;
			files = (
				AA100002 /* HostApp.swift in Sources */,
			);
			runOnlyForDeploymentPostprocessing = 0;
		};
		AA100001 /* Sources */ = {
			isa = PBXSourcesBuildPhase;
			buildActionMask = 2147483647;
			files = (
				AA000001 /* SpecterQARunner.swift in Sources */,
				AA000002 /* HTTPServer.swift in Sources */,
				AA000003 /* TouchInjector.swift in Sources */,
				AA000004 /* RequestParser.swift in Sources */,
				AA000005 /* AccessibilityTree.swift in Sources */,
				AA000006 /* SpecterQAElementQuery.swift in Sources */,
				AA000007 /* SpecterQAScreenshot.swift in Sources */,
				AA000008 /* SpecterQASwizzler.m in Sources */,
			);
			runOnlyForDeploymentPostprocessing = 0;
		};
/* End PBXSourcesBuildPhase section */

/* Begin PBXTargetDependency section */
		CD000002 /* PBXTargetDependency */ = {
			isa = PBXTargetDependency;
			target = FF100001 /* SpecterQAHost */;
			targetProxy = CD000001 /* PBXContainerItemProxy */;
		};
/* End PBXTargetDependency section */

/* Begin XCBuildConfiguration section */
		BC000003 /* Debug */ = {
			isa = XCBuildConfiguration;
			buildSettings = {
				ALWAYS_SEARCH_USER_PATHS = NO;
				GENERATE_INFOPLIST_FILE = YES;
				CLANG_ENABLE_MODULES = YES;
				CLANG_ENABLE_OBJC_ARC = YES;
				COPY_PHASE_STRIP = NO;
				DEBUG_INFORMATION_FORMAT = dwarf;
				ENABLE_STRICT_OBJC_MSGSEND = YES;
				ENABLE_TESTABILITY = YES;
				GCC_C_LANGUAGE_STANDARD = gnu17;
				GCC_DYNAMIC_NO_PIC = NO;
				GCC_NO_COMMON_BLOCKS = YES;
				GCC_OPTIMIZATION_LEVEL = 0;
				GCC_PREPROCESSOR_DEFINITIONS = (
					"DEBUG=1",
					"$(inherited)",
				);
				IPHONEOS_DEPLOYMENT_TARGET = 16.0;
				MTL_ENABLE_DEBUG_INFO = INCLUDE_SOURCE;
				ONLY_ACTIVE_ARCH = YES;
				SDKROOT = iphoneos;
				SUPPORTED_PLATFORMS = "iphoneos iphonesimulator";
				SWIFT_ACTIVE_COMPILATION_CONDITIONS = DEBUG;
				SWIFT_OPTIMIZATION_LEVEL = "-Onone";
			};
			name = Debug;
		};
		BC000004 /* Release */ = {
			isa = XCBuildConfiguration;
			buildSettings = {
				ALWAYS_SEARCH_USER_PATHS = NO;
				GENERATE_INFOPLIST_FILE = YES;
				CLANG_ENABLE_MODULES = YES;
				CLANG_ENABLE_OBJC_ARC = YES;
				COPY_PHASE_STRIP = NO;
				DEBUG_INFORMATION_FORMAT = "dwarf-with-dsym";
				ENABLE_NS_ASSERTIONS = NO;
				ENABLE_STRICT_OBJC_MSGSEND = YES;
				GCC_C_LANGUAGE_STANDARD = gnu17;
				GCC_NO_COMMON_BLOCKS = YES;
				IPHONEOS_DEPLOYMENT_TARGET = 16.0;
				SDKROOT = iphoneos;
				SUPPORTED_PLATFORMS = "iphoneos iphonesimulator";
				SWIFT_COMPILATION_MODE = wholemodule;
				SWIFT_OPTIMIZATION_LEVEL = "-O";
				VALIDATE_PRODUCT = YES;
			};
			name = Release;
		};
		BC100002 /* Debug */ = {
			isa = XCBuildConfiguration;
			buildSettings = {
				CODE_SIGN_STYLE = Automatic;
				DEVELOPMENT_TEAM = "";
				GENERATE_INFOPLIST_FILE = YES;
				INFOPLIST_KEY_UILaunchScreen_Generation = YES;
				IPHONEOS_DEPLOYMENT_TARGET = 16.0;
				PRODUCT_BUNDLE_IDENTIFIER = com.specterqa.host;
				PRODUCT_NAME = "$(TARGET_NAME)";
				SWIFT_VERSION = 5.0;
				TARGETED_DEVICE_FAMILY = "1,2";
			};
			name = Debug;
		};
		BC100003 /* Release */ = {
			isa = XCBuildConfiguration;
			buildSettings = {
				CODE_SIGN_STYLE = Automatic;
				DEVELOPMENT_TEAM = "";
				GENERATE_INFOPLIST_FILE = YES;
				INFOPLIST_KEY_UILaunchScreen_Generation = YES;
				IPHONEOS_DEPLOYMENT_TARGET = 16.0;
				PRODUCT_BUNDLE_IDENTIFIER = com.specterqa.host;
				PRODUCT_NAME = "$(TARGET_NAME)";
				SWIFT_VERSION = 5.0;
				TARGETED_DEVICE_FAMILY = "1,2";
			};
			name = Release;
		};
		BC000005 /* Debug */ = {
			isa = XCBuildConfiguration;
			buildSettings = {
				CODE_SIGN_STYLE = Automatic;
				DEVELOPMENT_TEAM = "";
				GENERATE_INFOPLIST_FILE = YES;
				IPHONEOS_DEPLOYMENT_TARGET = 16.0;
				PRODUCT_BUNDLE_IDENTIFIER = com.specterqa.runner.uitests;
				PRODUCT_NAME = SpecterQARunnerTests;
				SWIFT_OBJC_BRIDGING_HEADER = "Sources/SpecterQARunner-Bridging-Header.h";
				SWIFT_VERSION = 5.0;
				TARGETED_DEVICE_FAMILY = "1,2";
				TEST_TARGET_NAME = SpecterQAHost;
			};
			name = Debug;
		};
		BC000006 /* Release */ = {
			isa = XCBuildConfiguration;
			buildSettings = {
				CODE_SIGN_STYLE = Automatic;
				DEVELOPMENT_TEAM = "";
				GENERATE_INFOPLIST_FILE = YES;
				IPHONEOS_DEPLOYMENT_TARGET = 16.0;
				PRODUCT_BUNDLE_IDENTIFIER = com.specterqa.runner.uitests;
				PRODUCT_NAME = SpecterQARunnerTests;
				SWIFT_OBJC_BRIDGING_HEADER = "Sources/SpecterQARunner-Bridging-Header.h";
				SWIFT_VERSION = 5.0;
				TARGETED_DEVICE_FAMILY = "1,2";
				TEST_TARGET_NAME = SpecterQAHost;
			};
			name = Release;
		};
/* End XCBuildConfiguration section */

/* Begin XCConfigurationList section */
		BC000001 /* Build configuration list for PBXNativeTarget "SpecterQARunner" */ = {
			isa = XCConfigurationList;
			buildConfigurations = (
				BC000005 /* Debug */,
				BC000006 /* Release */,
			);
			defaultConfigurationIsVisible = 0;
			defaultConfigurationName = Release;
		};
		BC100001 /* Build configuration list for PBXNativeTarget "SpecterQAHost" */ = {
			isa = XCConfigurationList;
			buildConfigurations = (
				BC100002 /* Debug */,
				BC100003 /* Release */,
			);
			defaultConfigurationIsVisible = 0;
			defaultConfigurationName = Release;
		};
		BC000002 /* Build configuration list for PBXProject "SpecterQARunner" */ = {
			isa = XCConfigurationList;
			buildConfigurations = (
				BC000003 /* Debug */,
				BC000004 /* Release */,
			);
			defaultConfigurationIsVisible = 0;
			defaultConfigurationName = Release;
		};
/* End XCConfigurationList section */

	};
	rootObject = AB000001 /* Project object */;
}
