// !$*UTF8*$!
{
	archiveVersion = 1;
	classes = {
	};
	objectVersion = 56;
	objects = {

/* Begin PBXBuildFile section */
		AA000001 /* SpecterQARunner.swift in Sources */ = {isa = PBXBuildFile; fileRef = BB000001 /* SpecterQARunner.swift */; };
		AA000002 /* HTTPServer.swift in Sources */ = {isa = PBXBuildFile; fileRef = BB000002 /* HTTPServer.swift */; };
		AA000003 /* TouchInjector.swift in Sources */ = {isa = PBXBuildFile; fileRef = BB000003 /* TouchInjector.swift */; };
		AA000005 /* AccessibilityTree.swift in Sources */ = {isa = PBXBuildFile; fileRef = BB000005 /* AccessibilityTree.swift */; };
		AA000006 /* SpecterQAElementQuery.swift in Sources */ = {isa = PBXBuildFile; fileRef = BB000006 /* SpecterQAElementQuery.swift */; };
		AA000007 /* SpecterQAScreenshot.swift in Sources */ = {isa = PBXBuildFile; fileRef = BB000007 /* SpecterQAScreenshot.swift */; };
		AA000008 /* SpecterQASwizzler.m in Sources */ = {isa = PBXBuildFile; fileRef = BB000008 /* SpecterQASwizzler.m */; };
		AA100002 /* HostApp.swift in Sources */ = {isa = PBXBuildFile; fileRef = BB100001 /* HostApp.swift */; };
		AR000001 /* Route.swift in Sources */ = {isa = PBXBuildFile; fileRef = BR000001 /* Route.swift */; };
		AR000002 /* HealthRoute.swift in Sources */ = {isa = PBXBuildFile; fileRef = BR000002 /* HealthRoute.swift */; };
		AR000003 /* ShutdownRoute.swift in Sources */ = {isa = PBXBuildFile; fileRef = BR000003 /* ShutdownRoute.swift */; };
		AR000004 /* TapRoute.swift in Sources */ = {isa = PBXBuildFile; fileRef = BR000004 /* TapRoute.swift */; };
		AR000005 /* SwipeRoute.swift in Sources */ = {isa = PBXBuildFile; fileRef = BR000005 /* SwipeRoute.swift */; };
		AR000006 /* TypeRoute.swift in Sources */ = {isa = PBXBuildFile; fileRef = BR000006 /* TypeRoute.swift */; };
		AR000007 /* DismissKeyboardRoute.swift in Sources */ = {isa = PBXBuildFile; fileRef = BR000007 /* DismissKeyboardRoute.swift */; };
		AR000008 /* KeyRoute.swift in Sources */ = {isa = PBXBuildFile; fileRef = BR000008 /* KeyRoute.swift */; };
		AR000009 /* ScreenshotRoute.swift in Sources */ = {isa = PBXBuildFile; fileRef = BR000009 /* ScreenshotRoute.swift */; };
		AR000010 /* SourceRoute.swift in Sources */ = {isa = PBXBuildFile; fileRef = BR000010 /* SourceRoute.swift */; };
		AR000011 /* WebviewElementsRoute.swift in Sources */ = {isa = PBXBuildFile; fileRef = BR000011 /* WebviewElementsRoute.swift */; };
		AR000012 /* ElementsRoute.swift in Sources */ = {isa = PBXBuildFile; fileRef = BR000012 /* ElementsRoute.swift */; };
		AR000013 /* WaitRoute.swift in Sources */ = {isa = PBXBuildFile; fileRef = BR000013 /* WaitRoute.swift */; };
		AR000014 /* ScrollRoute.swift in Sources */ = {isa = PBXBuildFile; fileRef = BR000014 /* ScrollRoute.swift */; };
		AR000015 /* LaunchRoute.swift in Sources */ = {isa = PBXBuildFile; fileRef = BR000015 /* LaunchRoute.swift */; };
		AR000016 /* DismissAlertRoute.swift in Sources */ = {isa = PBXBuildFile; fileRef = BR000016 /* DismissAlertRoute.swift */; };
		AR000017 /* AppearanceRoute.swift in Sources */ = {isa = PBXBuildFile; fileRef = BR000017 /* AppearanceRoute.swift */; };
		AR000018 /* AppStateRoute.swift in Sources */ = {isa = PBXBuildFile; fileRef = BR000018 /* AppStateRoute.swift */; };
		AR000019 /* IdleRoute.swift in Sources */ = {isa = PBXBuildFile; fileRef = BR000019 /* IdleRoute.swift */; };
		AR000020 /* LogsRoute.swift in Sources */ = {isa = PBXBuildFile; fileRef = BR000020 /* LogsRoute.swift */; };
		AR000021 /* PerfRoute.swift in Sources */ = {isa = PBXBuildFile; fileRef = BR000021 /* PerfRoute.swift */; };
		AR000022 /* NetworkRoute.swift in Sources */ = {isa = PBXBuildFile; fileRef = BR000022 /* NetworkRoute.swift */; };
		AR000023 /* CrashesRoute.swift in Sources */ = {isa = PBXBuildFile; fileRef = BR000023 /* CrashesRoute.swift */; };
/* End PBXBuildFile section */

/* Begin PBXContainerItemProxy section */
		CD000001 /* PBXContainerItemProxy */ = {
			isa = PBXContainerItemProxy;
			containerPortal = AB000001 /* Project object */;
			proxyType = 1;
			remoteGlobalIDString = FF100001;
			remoteInfo = SpecterQAHost;
		};
/* End PBXContainerItemProxy section */

/* Begin PBXFileReference section */
		BB000001 /* SpecterQARunner.swift */ = {isa = PBXFileReference; lastKnownFileType = sourcecode.swift; path = SpecterQARunner.swift; sourceTree = "<group>"; };
		BB000002 /* HTTPServer.swift */ = {isa = PBXFileReference; lastKnownFileType = sourcecode.swift; path = HTTPServer.swift; sourceTree = "<group>"; };
		BB000003 /* TouchInjector.swift */ = {isa = PBXFileReference; lastKnownFileType = sourcecode.swift; path = TouchInjector.swift; sourceTree = "<group>"; };
		BB000005 /* AccessibilityTree.swift */ = {isa = PBXFileReference; lastKnownFileType = sourcecode.swift; path = AccessibilityTree.swift; sourceTree = "<group>"; };
		BB000006 /* SpecterQAElementQuery.swift */ = {isa = PBXFileReference; lastKnownFileType = sourcecode.swift; path = SpecterQAElementQuery.swift; sourceTree = "<group>"; };
		BB000007 /* SpecterQAScreenshot.swift */ = {isa = PBXFileReference; lastKnownFileType = sourcecode.swift; path = SpecterQAScreenshot.swift; sourceTree = "<group>"; };
		BB000008 /* SpecterQASwizzler.m */ = {isa = PBXFileReference; lastKnownFileType = sourcecode.c.objc; path = SpecterQASwizzler.m; sourceTree = "<group>"; };
		BB000009 /* SpecterQASwizzler.h */ = {isa = PBXFileReference; lastKnownFileType = sourcecode.c.h; path = SpecterQASwizzler.h; sourceTree = "<group>"; };
		BB000010 /* SpecterQARunner-Bridging-Header.h */ = {isa = PBXFileReference; lastKnownFileType = sourcecode.c.h; path = "SpecterQARunner-Bridging-Header.h"; sourceTree = "<group>"; };
		BB100001 /* HostApp.swift */ = {isa = PBXFileReference; lastKnownFileType = sourcecode.swift; path = HostApp.swift; sourceTree = "<group>"; };
		CC000001 /* SpecterQARunnerTests.xctest */ = {isa = PBXFileReference; explicitFileType = wrapper.cfbundle; includeInIndex = 0; path = SpecterQARunnerTests.xctest; sourceTree = BUILT_PRODUCTS_DIR; };
		CC100001 /* SpecterQAHost.app */ = {isa = PBXFileReference; explicitFileType = wrapper.application; includeInIndex = 0; path = SpecterQAHost.app; sourceTree = BUILT_PRODUCTS_DIR; };
		BR000001 /* Route.swift */ = {isa = PBXFileReference; lastKnownFileType = sourcecode.swift; path = Route.swift; sourceTree = "<group>"; };
		BR000002 /* HealthRoute.swift */ = {isa = PBXFileReference; lastKnownFileType = sourcecode.swift; path = HealthRoute.swift; sourceTree = "<group>"; };
		BR000003 /* ShutdownRoute.swift */ = {isa = PBXFileReference; lastKnownFileType = sourcecode.swift; path = ShutdownRoute.swift; sourceTree = "<group>"; };
		BR000004 /* TapRoute.swift */ = {isa = PBXFileReference; lastKnownFileType = sourcecode.swift; path = TapRoute.swift; sourceTree = "<group>"; };
		BR000005 /* SwipeRoute.swift */ = {isa = PBXFileReference; lastKnownFileType = sourcecode.swift; path = SwipeRoute.swift; sourceTree = "<group>"; };
		BR000006 /* TypeRoute.swift */ = {isa = PBXFileReference; lastKnownFileType = sourcecode.swift; path = TypeRoute.swift; sourceTree = "<group>"; };
		BR000007 /* DismissKeyboardRoute.swift */ = {isa = PBXFileReference; lastKnownFileType = sourcecode.swift; path = DismissKeyboardRoute.swift; sourceTree = "<group>"; };
		BR000008 /* KeyRoute.swift */ = {isa = PBXFileReference; lastKnownFileType = sourcecode.swift; path = KeyRoute.swift; sourceTree = "<group>"; };
		BR000009 /* ScreenshotRoute.swift */ = {isa = PBXFileReference; lastKnownFileType = sourcecode.swift; path = ScreenshotRoute.swift; sourceTree = "<group>"; };
		BR000010 /* SourceRoute.swift */ = {isa = PBXFileReference; lastKnownFileType = sourcecode.swift; path = SourceRoute.swift; sourceTree = "<group>"; };
		BR000011 /* WebviewElementsRoute.swift */ = {isa = PBXFileReference; lastKnownFileType = sourcecode.swift; path = WebviewElementsRoute.swift; sourceTree = "<group>"; };
		BR000012 /* ElementsRoute.swift */ = {isa = PBXFileReference; lastKnownFileType = sourcecode.swift; path = ElementsRoute.swift; sourceTree = "<group>"; };
		BR000013 /* WaitRoute.swift */ = {isa = PBXFileReference; lastKnownFileType = sourcecode.swift; path = WaitRoute.swift; sourceTree = "<group>"; };
		BR000014 /* ScrollRoute.swift */ = {isa = PBXFileReference; lastKnownFileType = sourcecode.swift; path = ScrollRoute.swift; sourceTree = "<group>"; };
		BR000015 /* LaunchRoute.swift */ = {isa = PBXFileReference; lastKnownFileType = sourcecode.swift; path = LaunchRoute.swift; sourceTree = "<group>"; };
		BR000016 /* DismissAlertRoute.swift */ = {isa = PBXFileReference; lastKnownFileType = sourcecode.swift; path = DismissAlertRoute.swift; sourceTree = "<group>"; };
		BR000017 /* AppearanceRoute.swift */ = {isa = PBXFileReference; lastKnownFileType = sourcecode.swift; path = AppearanceRoute.swift; sourceTree = "<group>"; };
		BR000018 /* AppStateRoute.swift */ = {isa = PBXFileReference; lastKnownFileType = sourcecode.swift; path = AppStateRoute.swift; sourceTree = "<group>"; };
		BR000019 /* IdleRoute.swift */ = {isa = PBXFileReference; lastKnownFileType = sourcecode.swift; path = IdleRoute.swift; sourceTree = "<group>"; };
		BR000020 /* LogsRoute.swift */ = {isa = PBXFileReference; lastKnownFileType = sourcecode.swift; path = LogsRoute.swift; sourceTree = "<group>"; };
		BR000021 /* PerfRoute.swift */ = {isa = PBXFileReference; lastKnownFileType = sourcecode.swift; path = PerfRoute.swift; sourceTree = "<group>"; };
		BR000022 /* NetworkRoute.swift */ = {isa = PBXFileReference; lastKnownFileType = sourcecode.swift; path = NetworkRoute.swift; sourceTree = "<group>"; };
		BR000023 /* CrashesRoute.swift */ = {isa = PBXFileReference; lastKnownFileType = sourcecode.swift; path = CrashesRoute.swift; sourceTree = "<group>"; };
/* End PBXFileReference section */

/* Begin PBXFrameworksBuildPhase section */
		DD000001 /* Frameworks */ = {
			isa = PBXFrameworksBuildPhase;
			buildActionMask = 2147483647;
			files = (
			);
			runOnlyForDeploymentPostprocessing = 0;
		};
		DD100001 /* Frameworks */ = {
			isa = PBXFrameworksBuildPhase;
			buildActionMask = 2147483647;
			files = (
			);
			runOnlyForDeploymentPostprocessing = 0;
		};
/* End PBXFrameworksBuildPhase section */

/* Begin PBXGroup section */
		EE000001 /* / */ = {
			isa = PBXGroup;
			children = (
				EE000002 /* Sources */,
				EE100001 /* HostApp */,
				EE000003 /* Products */,
			);
			sourceTree = "<group>";
		};
		EE000002 /* Sources */ = {
			isa = PBXGroup;
			children = (
				BB000001 /* SpecterQARunner.swift */,
				BB000002 /* HTTPServer.swift */,
				BB000003 /* TouchInjector.swift */,
				BB000005 /* AccessibilityTree.swift */,
				BB000006 /* SpecterQAElementQuery.swift */,
				BB000007 /* SpecterQAScreenshot.swift */,
				BB000008 /* SpecterQASwizzler.m */,
				BB000009 /* SpecterQASwizzler.h */,
				BB000010 /* SpecterQARunner-Bridging-Header.h */,
				EE000004 /* Routes */,
			);
			name = Sources;
			path = Sources;
			sourceTree = "<group>";
		};
		EE000004 /* Routes */ = {
			isa = PBXGroup;
			children = (
				BR000001 /* Route.swift */,
				BR000002 /* HealthRoute.swift */,
				BR000003 /* ShutdownRoute.swift */,
				BR000004 /* TapRoute.swift */,
				BR000005 /* SwipeRoute.swift */,
				BR000006 /* TypeRoute.swift */,
				BR000007 /* DismissKeyboardRoute.swift */,
				BR000008 /* KeyRoute.swift */,
				BR000009 /* ScreenshotRoute.swift */,
				BR000010 /* SourceRoute.swift */,
				BR000011 /* WebviewElementsRoute.swift */,
				BR000012 /* ElementsRoute.swift */,
				BR000013 /* WaitRoute.swift */,
				BR000014 /* ScrollRoute.swift */,
				BR000015 /* LaunchRoute.swift */,
				BR000016 /* DismissAlertRoute.swift */,
				BR000017 /* AppearanceRoute.swift */,
				BR000018 /* AppStateRoute.swift */,
				BR000019 /* IdleRoute.swift */,
				BR000020 /* LogsRoute.swift */,
				BR000021 /* PerfRoute.swift */,
				BR000022 /* NetworkRoute.swift */,
				BR000023 /* CrashesRoute.swift */,
			);
			name = Routes;
			path = Routes;
			sourceTree = "<group>";
		};
		EE100001 /* HostApp */ = {
			isa = PBXGroup;
			children = (
				BB100001 /* HostApp.swift */,
			);
			name = HostApp;
			path = HostApp;
			sourceTree = "<group>";
		};
		EE000003 /* Products */ = {
			isa = PBXGroup;
			children = (
				CC100001 /* SpecterQAHost.app */,
				CC000001 /* SpecterQARunnerTests.xctest */,
			);
			name = Products;
			sourceTree = "<group>";
		};
/* End PBXGroup section */

/* Begin PBXNativeTarget section */
		FF100001 /* SpecterQAHost */ = {
			isa = PBXNativeTarget;
			buildConfigurationList = BC100001 /* Build configuration list for PBXNativeTarget "SpecterQAHost" */;
			buildPhases = (
				DD100001 /* Frameworks */,
				AA200001 /* Sources */,
			);
			buildRules = (
			);
			dependencies = (
			);
			name = SpecterQAHost;
			productName = SpecterQAHost;
			productReference = CC100001 /* SpecterQAHost.app */;
			productType = "com.apple.product-type.application";
		};
		FF000001 /* SpecterQARunner */ = {
			isa = PBXNativeTarget;
			buildConfigurationList = BC000001 /* Build configuration list for PBXNativeTarget "SpecterQARunner" */;
			buildPhases = (
				DD000001 /* Frameworks */,
				AA100001 /* Sources */,
			);
			buildRules = (
			);
			dependencies = (
				CD000002 /* PBXTargetDependency */,
			);
			name = SpecterQARunner;
			productName = SpecterQARunnerTests;
			productReference = CC000001 /* SpecterQARunnerTests.xctest */;
			productType = "com.apple.product-type.bundle.ui-testing";
		};
/* End PBXNativeTarget section */

/* Begin PBXProject section */
		AB000001 /* Project object */ = {
			isa = PBXProject;
			attributes = {
				BuildIndependentTargetsInParallel = 1;
				LastSwiftUpdateCheck = 1500;
				LastUpgradeCheck = 1500;
				TargetAttributes = {
					FF100001 = {
						CreatedOnToolsVersion = 16.0;
					};
					FF000001 = {
						CreatedOnToolsVersion = 15.0;
						TestTargetID = FF100001;
					};
				};
			};
			buildConfigurationList = BC000002 /* Build configuration list for PBXProject "SpecterQARunner" */;
			compatibilityVersion = "Xcode 14.0";
			developmentRegion = en;
			hasScannedForEncodings = 0;
			knownRegions = (
				en,
				Base,
			);
			mainGroup = EE000001;
			productRefGroup = EE000003 /* Products */;
			projectDirPath = "";
			projectRoot = "";
			targets = (
				FF100001 /* SpecterQAHost */,
				FF000001 /* SpecterQARunner */,
			);
		};
/* End PBXProject section */

/* Begin PBXSourcesBuildPhase section */
		AA200001 /* Sources */ = {
			isa = PBXSourcesBuildPhase;
			buildActionMask = 2147483647;
			files = (
				AA100002 /* HostApp.swift in Sources */,
			);
			runOnlyForDeploymentPostprocessing = 0;
		};
		AA100001 /* Sources */ = {
			isa = PBXSourcesBuildPhase;
			buildActionMask = 2147483647;
			files = (
				AA000001 /* SpecterQARunner.swift in Sources */,
				AA000002 /* HTTPServer.swift in Sources */,
				AA000003 /* TouchInjector.swift in Sources */,
				AA000005 /* AccessibilityTree.swift in Sources */,
				AA000006 /* SpecterQAElementQuery.swift in Sources */,
				AA000007 /* SpecterQAScreenshot.swift in Sources */,
				AA000008 /* SpecterQASwizzler.m in Sources */,
				AR000001 /* Route.swift in Sources */,
				AR000002 /* HealthRoute.swift in Sources */,
				AR000003 /* ShutdownRoute.swift in Sources */,
				AR000004 /* TapRoute.swift in Sources */,
				AR000005 /* SwipeRoute.swift in Sources */,
				AR000006 /* TypeRoute.swift in Sources */,
				AR000007 /* DismissKeyboardRoute.swift in Sources */,
				AR000008 /* KeyRoute.swift in Sources */,
				AR000009 /* ScreenshotRoute.swift in Sources */,
				AR000010 /* SourceRoute.swift in Sources */,
				AR000011 /* WebviewElementsRoute.swift in Sources */,
				AR000012 /* ElementsRoute.swift in Sources */,
				AR000013 /* WaitRoute.swift in Sources */,
				AR000014 /* ScrollRoute.swift in Sources */,
				AR000015 /* LaunchRoute.swift in Sources */,
				AR000016 /* DismissAlertRoute.swift in Sources */,
				AR000017 /* AppearanceRoute.swift in Sources */,
				AR000018 /* AppStateRoute.swift in Sources */,
				AR000019 /* IdleRoute.swift in Sources */,
				AR000020 /* LogsRoute.swift in Sources */,
				AR000021 /* PerfRoute.swift in Sources */,
				AR000022 /* NetworkRoute.swift in Sources */,
				AR000023 /* CrashesRoute.swift in Sources */,
			);
			runOnlyForDeploymentPostprocessing = 0;
		};
/* End PBXSourcesBuildPhase section */

/* Begin PBXTargetDependency section */
		CD000002 /* PBXTargetDependency */ = {
			isa = PBXTargetDependency;
			target = FF100001 /* SpecterQAHost */;
			targetProxy = CD000001 /* PBXContainerItemProxy */;
		};
/* End PBXTargetDependency section */

/* Begin XCBuildConfiguration section */
		BC000003 /* Debug */ = {
			isa = XCBuildConfiguration;
			buildSettings = {
				ALWAYS_SEARCH_USER_PATHS = NO;
				GENERATE_INFOPLIST_FILE = YES;
				CLANG_ENABLE_MODULES = YES;
				CLANG_ENABLE_OBJC_ARC = YES;
				COPY_PHASE_STRIP = NO;
				DEBUG_INFORMATION_FORMAT = dwarf;
				ENABLE_STRICT_OBJC_MSGSEND = YES;
				ENABLE_TESTABILITY = YES;
				GCC_C_LANGUAGE_STANDARD = gnu17;
				GCC_DYNAMIC_NO_PIC = NO;
				GCC_NO_COMMON_BLOCKS = YES;
				GCC_OPTIMIZATION_LEVEL = 0;
				GCC_PREPROCESSOR_DEFINITIONS = (
					"DEBUG=1",
					"$(inherited)",
				);
				IPHONEOS_DEPLOYMENT_TARGET = 16.0;
				MTL_ENABLE_DEBUG_INFO = INCLUDE_SOURCE;
				ONLY_ACTIVE_ARCH = YES;
				SDKROOT = iphoneos;
				SUPPORTED_PLATFORMS = "iphoneos iphonesimulator";
				SWIFT_ACTIVE_COMPILATION_CONDITIONS = DEBUG;
				SWIFT_OPTIMIZATION_LEVEL = "-Onone";
			};
			name = Debug;
		};
		BC000004 /* Release */ = {
			isa = XCBuildConfiguration;
			buildSettings = {
				ALWAYS_SEARCH_USER_PATHS = NO;
				GENERATE_INFOPLIST_FILE = YES;
				CLANG_ENABLE_MODULES = YES;
				CLANG_ENABLE_OBJC_ARC = YES;
				COPY_PHASE_STRIP = NO;
				DEBUG_INFORMATION_FORMAT = "dwarf-with-dsym";
				ENABLE_NS_ASSERTIONS = NO;
				ENABLE_STRICT_OBJC_MSGSEND = YES;
				GCC_C_LANGUAGE_STANDARD = gnu17;
				GCC_NO_COMMON_BLOCKS = YES;
				IPHONEOS_DEPLOYMENT_TARGET = 16.0;
				SDKROOT = iphoneos;
				SUPPORTED_PLATFORMS = "iphoneos iphonesimulator";
				SWIFT_COMPILATION_MODE = wholemodule;
				SWIFT_OPTIMIZATION_LEVEL = "-O";
				VALIDATE_PRODUCT = YES;
			};
			name = Release;
		};
		BC100002 /* Debug */ = {
			isa = XCBuildConfiguration;
			buildSettings = {
				CODE_SIGN_STYLE = Automatic;
				DEVELOPMENT_TEAM = "";
				GENERATE_INFOPLIST_FILE = YES;
				INFOPLIST_KEY_UILaunchScreen_Generation = YES;
				IPHONEOS_DEPLOYMENT_TARGET = 16.0;
				PRODUCT_BUNDLE_IDENTIFIER = com.specterqa.host;
				PRODUCT_NAME = "$(TARGET_NAME)";
				SWIFT_VERSION = 5.0;
				TARGETED_DEVICE_FAMILY = "1,2";
			};
			name = Debug;
		};
		BC100003 /* Release */ = {
			isa = XCBuildConfiguration;
			buildSettings = {
				CODE_SIGN_STYLE = Automatic;
				DEVELOPMENT_TEAM = "";
				GENERATE_INFOPLIST_FILE = YES;
				INFOPLIST_KEY_UILaunchScreen_Generation = YES;
				IPHONEOS_DEPLOYMENT_TARGET = 16.0;
				PRODUCT_BUNDLE_IDENTIFIER = com.specterqa.host;
				PRODUCT_NAME = "$(TARGET_NAME)";
				SWIFT_VERSION = 5.0;
				TARGETED_DEVICE_FAMILY = "1,2";
			};
			name = Release;
		};
		BC000005 /* Debug */ = {
			isa = XCBuildConfiguration;
			buildSettings = {
				CODE_SIGN_STYLE = Automatic;
				DEVELOPMENT_TEAM = "";
				GENERATE_INFOPLIST_FILE = YES;
				IPHONEOS_DEPLOYMENT_TARGET = 16.0;
				PRODUCT_BUNDLE_IDENTIFIER = com.specterqa.runner.uitests;
				PRODUCT_NAME = SpecterQARunnerTests;
				SWIFT_OBJC_BRIDGING_HEADER = "Sources/SpecterQARunner-Bridging-Header.h";
				SWIFT_VERSION = 5.0;
				TARGETED_DEVICE_FAMILY = "1,2";
				TEST_TARGET_NAME = SpecterQAHost;
			};
			name = Debug;
		};
		BC000006 /* Release */ = {
			isa = XCBuildConfiguration;
			buildSettings = {
				CODE_SIGN_STYLE = Automatic;
				DEVELOPMENT_TEAM = "";
				GENERATE_INFOPLIST_FILE = YES;
				IPHONEOS_DEPLOYMENT_TARGET = 16.0;
				PRODUCT_BUNDLE_IDENTIFIER = com.specterqa.runner.uitests;
				PRODUCT_NAME = SpecterQARunnerTests;
				SWIFT_OBJC_BRIDGING_HEADER = "Sources/SpecterQARunner-Bridging-Header.h";
				SWIFT_VERSION = 5.0;
				TARGETED_DEVICE_FAMILY = "1,2";
				TEST_TARGET_NAME = SpecterQAHost;
			};
			name = Release;
		};
/* End XCBuildConfiguration section */

/* Begin XCConfigurationList section */
		BC000001 /* Build configuration list for PBXNativeTarget "SpecterQARunner" */ = {
			isa = XCConfigurationList;
			buildConfigurations = (
				BC000005 /* Debug */,
				BC000006 /* Release */,
			);
			defaultConfigurationIsVisible = 0;
			defaultConfigurationName = Release;
		};
		BC100001 /* Build configuration list for PBXNativeTarget "SpecterQAHost" */ = {
			isa = XCConfigurationList;
			buildConfigurations = (
				BC100002 /* Debug */,
				BC100003 /* Release */,
			);
			defaultConfigurationIsVisible = 0;
			defaultConfigurationName = Release;
		};
		BC000002 /* Build configuration list for PBXProject "SpecterQARunner" */ = {
			isa = XCConfigurationList;
			buildConfigurations = (
				BC000003 /* Debug */,
				BC000004 /* Release */,
			);
			defaultConfigurationIsVisible = 0;
			defaultConfigurationName = Release;
		};
/* End XCConfigurationList section */

	};
	rootObject = AB000001 /* Project object */;
}
